# This file was autogenerated by Stack.
# You should not edit this file by hand.
# For more information, please see the documentation at:
#   https://docs.haskellstack.org/en/stable/lock_files

packages:
- completed:
    hackage: attoparsec-conduit-1.1.0@sha256:00aeee08f025b5386b994a0d6409ca578b0227a0d8445955847c186c31c63caa,692
    pantry-tree:
      size: 163
      sha256: d9d0e8c6bd59235fc7f0dd4afbb34de93d0e7f421635326fdf04b64fd43cdfb3
  original:
    hackage: attoparsec-conduit-1.1.0@sha256:00aeee08f025b5386b994a0d6409ca578b0227a0d8445955847c186c31c63caa,692
snapshots:
- completed:
    size: 532177
    url: https://raw.githubusercontent.com/commercialhaskell/stackage-snapshots/master/lts/16/20.yaml
    sha256: 0e14ba5603f01e8496e8984fd84b545a012ca723f51a098c6c9d3694e404dc6d
  original: lts-16.20
